
Microsoft Visual Studio Solution File, Format Version 12.00
# Visual Studio Version 17
VisualStudioVersion = 17.8.34316.72
MinimumVisualStudioVersion = 10.0.40219.1
Project("{FAE04EC0-301F-11D3-BF4B-00C04F79EFBC}") = "Stuff", "Stuff\Stuff.csproj", "{C723457C-B8FE-4285-9FDF-9CA23486F82C}"
EndProject
Global
	GlobalSection(SolutionConfigurationPlatforms) = preSolution
		Debug|Any CPU = Debug|Any CPU
		Release|Any CPU = Release|Any CPU
	EndGlobalSection
	GlobalSection(ProjectConfigurationPlatforms) = postSolution
		{C723457C-B8FE-4285-9FDF-9CA23486F82C}.Debug|Any CPU.ActiveCfg = Debug|Any CPU
		{C723457C-B8FE-4285-9FDF-9CA23486F82C}.Debug|Any CPU.Build.0 = Debug|Any CPU
		{C723457C-B8FE-4285-9FDF-9CA23486F82C}.Release|Any CPU.ActiveCfg = Release|Any CPU
		{C723457C-B8FE-4285-9FDF-9CA23486F82C}.Release|Any CPU.Build.0 = Release|Any CPU
	EndGlobalSection
	GlobalSection(SolutionProperties) = preSolution
		HideSolutionNode = FALSE
	EndGlobalSection
	GlobalSection(ExtensibilityGlobals) = postSolution
		SolutionGuid = {740D59B8-4727-41C6-B355-60B3F81C0C65}
	EndGlobalSection
EndGlobal
